
Microsoft Visual Studio Solution File, Format Version 12.00
# Visual Studio Version 16
VisualStudioVersion = 16.0.30717.126
MinimumVisualStudioVersion = 10.0.40219.1
Project("{00D1A9C2-B5F0-4AF3-8072-F6C62B433612}") = "Moula.Database", "Moula.Database\Moula.Database.sqlproj", "{211CC04A-F44F-40C5-8706-464D0082DC3E}"
EndProject
Project("{9A19103F-16F7-4668-BE54-9A1E7A4F7556}") = "Moula.Api", "Moula.Api\Moula.Api.csproj", "{ADE53FC6-0C9C-43F4-863D-57BAD9524D3B}"
EndProject
Project("{9A19103F-16F7-4668-BE54-9A1E7A4F7556}") = "Moula.Business", "Moula.Business\Moula.Business.csproj", "{6256BEEB-BA21-4633-A54C-18B237EEB23D}"
EndProject
Project("{9A19103F-16F7-4668-BE54-9A1E7A4F7556}") = "Moula.Data", "Moula.Data\Moula.Data.csproj", "{2934FC17-4007-4D5E-916F-3168A851E9D1}"
EndProject
Project("{FAE04EC0-301F-11D3-BF4B-00C04F79EFBC}") = "Moula.Data.Tests", "Moula.Data.Tests\Moula.Data.Tests.csproj", "{5DF622AE-3D3E-41C3-A225-C67987926D69}"
EndProject
Project("{FAE04EC0-301F-11D3-BF4B-00C04F79EFBC}") = "Moula.Contracts", "Moula.Contracts\Moula.Contracts.csproj", "{99CF286B-17CC-418A-9FDD-9839C0F4F5A4}"
EndProject
Project("{FAE04EC0-301F-11D3-BF4B-00C04F79EFBC}") = "Moula.Business.Tests", "Moula.Business.Tests\Moula.Business.Tests.csproj", "{25E6ADB2-86AC-4EEF-9AF2-004212CE4618}"
EndProject
Project("{FAE04EC0-301F-11D3-BF4B-00C04F79EFBC}") = "Moula.Api.Tests", "Moula.Api.Tests\Moula.Api.Tests.csproj", "{30C83D4F-FDF9-4DB6-ABED-A880BBCC75A5}"
EndProject
Global
	GlobalSection(SolutionConfigurationPlatforms) = preSolution
		Debug|Any CPU = Debug|Any CPU
		Release|Any CPU = Release|Any CPU
	EndGlobalSection
	GlobalSection(ProjectConfigurationPlatforms) = postSolution
		{211CC04A-F44F-40C5-8706-464D0082DC3E}.Debug|Any CPU.ActiveCfg = Debug|Any CPU
		{211CC04A-F44F-40C5-8706-464D0082DC3E}.Debug|Any CPU.Build.0 = Debug|Any CPU
		{211CC04A-F44F-40C5-8706-464D0082DC3E}.Debug|Any CPU.Deploy.0 = Debug|Any CPU
		{211CC04A-F44F-40C5-8706-464D0082DC3E}.Release|Any CPU.ActiveCfg = Release|Any CPU
		{211CC04A-F44F-40C5-8706-464D0082DC3E}.Release|Any CPU.Build.0 = Release|Any CPU
		{211CC04A-F44F-40C5-8706-464D0082DC3E}.Release|Any CPU.Deploy.0 = Release|Any CPU
		{ADE53FC6-0C9C-43F4-863D-57BAD9524D3B}.Debug|Any CPU.ActiveCfg = Debug|Any CPU
		{ADE53FC6-0C9C-43F4-863D-57BAD9524D3B}.Debug|Any CPU.Build.0 = Debug|Any CPU
		{ADE53FC6-0C9C-43F4-863D-57BAD9524D3B}.Release|Any CPU.ActiveCfg = Release|Any CPU
		{ADE53FC6-0C9C-43F4-863D-57BAD9524D3B}.Release|Any CPU.Build.0 = Release|Any CPU
		{6256BEEB-BA21-4633-A54C-18B237EEB23D}.Debug|Any CPU.ActiveCfg = Debug|Any CPU
		{6256BEEB-BA21-4633-A54C-18B237EEB23D}.Debug|Any CPU.Build.0 = Debug|Any CPU
		{6256BEEB-BA21-4633-A54C-18B237EEB23D}.Release|Any CPU.ActiveCfg = Release|Any CPU
		{6256BEEB-BA21-4633-A54C-18B237EEB23D}.Release|Any CPU.Build.0 = Release|Any CPU
		{2934FC17-4007-4D5E-916F-3168A851E9D1}.Debug|Any CPU.ActiveCfg = Debug|Any CPU
		{2934FC17-4007-4D5E-916F-3168A851E9D1}.Debug|Any CPU.Build.0 = Debug|Any CPU
		{2934FC17-4007-4D5E-916F-3168A851E9D1}.Release|Any CPU.ActiveCfg = Release|Any CPU
		{2934FC17-4007-4D5E-916F-3168A851E9D1}.Release|Any CPU.Build.0 = Release|Any CPU
		{5DF622AE-3D3E-41C3-A225-C67987926D69}.Debug|Any CPU.ActiveCfg = Debug|Any CPU
		{5DF622AE-3D3E-41C3-A225-C67987926D69}.Debug|Any CPU.Build.0 = Debug|Any CPU
		{5DF622AE-3D3E-41C3-A225-C67987926D69}.Release|Any CPU.ActiveCfg = Release|Any CPU
		{5DF622AE-3D3E-41C3-A225-C67987926D69}.Release|Any CPU.Build.0 = Release|Any CPU
		{99CF286B-17CC-418A-9FDD-9839C0F4F5A4}.Debug|Any CPU.ActiveCfg = Debug|Any CPU
		{99CF286B-17CC-418A-9FDD-9839C0F4F5A4}.Debug|Any CPU.Build.0 = Debug|Any CPU
		{99CF286B-17CC-418A-9FDD-9839C0F4F5A4}.Release|Any CPU.ActiveCfg = Release|Any CPU
		{99CF286B-17CC-418A-9FDD-9839C0F4F5A4}.Release|Any CPU.Build.0 = Release|Any CPU
		{25E6ADB2-86AC-4EEF-9AF2-004212CE4618}.Debug|Any CPU.ActiveCfg = Debug|Any CPU
		{25E6ADB2-86AC-4EEF-9AF2-004212CE4618}.Debug|Any CPU.Build.0 = Debug|Any CPU
		{25E6ADB2-86AC-4EEF-9AF2-004212CE4618}.Release|Any CPU.ActiveCfg = Release|Any CPU
		{25E6ADB2-86AC-4EEF-9AF2-004212CE4618}.Release|Any CPU.Build.0 = Release|Any CPU
		{30C83D4F-FDF9-4DB6-ABED-A880BBCC75A5}.Debug|Any CPU.ActiveCfg = Debug|Any CPU
		{30C83D4F-FDF9-4DB6-ABED-A880BBCC75A5}.Debug|Any CPU.Build.0 = Debug|Any CPU
		{30C83D4F-FDF9-4DB6-ABED-A880BBCC75A5}.Release|Any CPU.ActiveCfg = Release|Any CPU
		{30C83D4F-FDF9-4DB6-ABED-A880BBCC75A5}.Release|Any CPU.Build.0 = Release|Any CPU
	EndGlobalSection
	GlobalSection(SolutionProperties) = preSolution
		HideSolutionNode = FALSE
	EndGlobalSection
	GlobalSection(ExtensibilityGlobals) = postSolution
		SolutionGuid = {1716682A-F8B2-4585-BE50-4FDC6C8F6533}
	EndGlobalSection
EndGlobal
